
Microsoft Visual Studio Solution File, Format Version 12.00
# Visual Studio Version 17
VisualStudioVersion = 17.5.33530.505
MinimumVisualStudioVersion = 10.0.40219.1
Project("{8BC9CEB8-8B4A-11D0-8D11-00A0C91BC942}") = "模拟实现库函数", "模拟实现库函数\模拟实现库函数.vcxproj", "{2B3A5A9A-8A62-4550-823A-080937B63E5C}"
EndProject
Global
	GlobalSection(SolutionConfigurationPlatforms) = preSolution
		Debug|x64 = Debug|x64
		Debug|x86 = Debug|x86
		Release|x64 = Release|x64
		Release|x86 = Release|x86
	EndGlobalSection
	GlobalSection(ProjectConfigurationPlatforms) = postSolution
		{2B3A5A9A-8A62-4550-823A-080937B63E5C}.Debug|x64.ActiveCfg = Debug|x64
		{2B3A5A9A-8A62-4550-823A-080937B63E5C}.Debug|x64.Build.0 = Debug|x64
		{2B3A5A9A-8A62-4550-823A-080937B63E5C}.Debug|x86.ActiveCfg = Debug|Win32
		{2B3A5A9A-8A62-4550-823A-080937B63E5C}.Debug|x86.Build.0 = Debug|Win32
		{2B3A5A9A-8A62-4550-823A-080937B63E5C}.Release|x64.ActiveCfg = Release|x64
		{2B3A5A9A-8A62-4550-823A-080937B63E5C}.Release|x64.Build.0 = Release|x64
		{2B3A5A9A-8A62-4550-823A-080937B63E5C}.Release|x86.ActiveCfg = Release|Win32
		{2B3A5A9A-8A62-4550-823A-080937B63E5C}.Release|x86.Build.0 = Release|Win32
	EndGlobalSection
	GlobalSection(SolutionProperties) = preSolution
		HideSolutionNode = FALSE
	EndGlobalSection
	GlobalSection(ExtensibilityGlobals) = postSolution
		SolutionGuid = {19820348-DDA8-4D7C-BF7A-D1F549AEC64A}
	EndGlobalSection
EndGlobal
