
Microsoft Visual Studio Solution File, Format Version 12.00
# Visual Studio Version 17
VisualStudioVersion = 17.5.33530.505
MinimumVisualStudioVersion = 10.0.40219.1
Project("{8BC9CEB8-8B4A-11D0-8D11-00A0C91BC942}") = "三子棋", "三子棋\三子棋.vcxproj", "{73EFEB87-39F8-4D57-A177-E4753762D139}"
EndProject
Global
	GlobalSection(SolutionConfigurationPlatforms) = preSolution
		Debug|x64 = Debug|x64
		Debug|x86 = Debug|x86
		Release|x64 = Release|x64
		Release|x86 = Release|x86
	EndGlobalSection
	GlobalSection(ProjectConfigurationPlatforms) = postSolution
		{73EFEB87-39F8-4D57-A177-E4753762D139}.Debug|x64.ActiveCfg = Debug|x64
		{73EFEB87-39F8-4D57-A177-E4753762D139}.Debug|x64.Build.0 = Debug|x64
		{73EFEB87-39F8-4D57-A177-E4753762D139}.Debug|x86.ActiveCfg = Debug|Win32
		{73EFEB87-39F8-4D57-A177-E4753762D139}.Debug|x86.Build.0 = Debug|Win32
		{73EFEB87-39F8-4D57-A177-E4753762D139}.Release|x64.ActiveCfg = Release|x64
		{73EFEB87-39F8-4D57-A177-E4753762D139}.Release|x64.Build.0 = Release|x64
		{73EFEB87-39F8-4D57-A177-E4753762D139}.Release|x86.ActiveCfg = Release|Win32
		{73EFEB87-39F8-4D57-A177-E4753762D139}.Release|x86.Build.0 = Release|Win32
	EndGlobalSection
	GlobalSection(SolutionProperties) = preSolution
		HideSolutionNode = FALSE
	EndGlobalSection
	GlobalSection(ExtensibilityGlobals) = postSolution
		SolutionGuid = {5C325F7B-5B26-4070-9867-783C4599312E}
	EndGlobalSection
EndGlobal
